
Microsoft Visual Studio Solution File, Format Version 12.00
# Visual Studio 14
VisualStudioVersion = 14.0.25420.1
MinimumVisualStudioVersion = 10.0.40219.1
Project("{FAE04EC0-301F-11D3-BF4B-00C04F79EFBC}") = "LocalVisitTrack", "LocalVisitTrack\LocalVisitTrack.csproj", "{1F32888B-AFDC-4EC3-A958-C4522E2A71C6}"
EndProject
Project("{FAE04EC0-301F-11D3-BF4B-00C04F79EFBC}") = "TestConsole", "TestConsole\TestConsole.csproj", "{7EE960CD-9533-4EC3-9A69-DBDFBF823DA8}"
	ProjectSection(ProjectDependencies) = postProject
		{1F32888B-AFDC-4EC3-A958-C4522E2A71C6} = {1F32888B-AFDC-4EC3-A958-C4522E2A71C6}
	EndProjectSection
EndProject
Project("{FAE04EC0-301F-11D3-BF4B-00C04F79EFBC}") = "TestAsp", "TestAsp\TestAsp.csproj", "{9443518D-BFBC-45BB-BE87-CEDA6BAFDA51}"
EndProject
Global
	GlobalSection(SolutionConfigurationPlatforms) = preSolution
		Debug|Any CPU = Debug|Any CPU
		Release|Any CPU = Release|Any CPU
	EndGlobalSection
	GlobalSection(ProjectConfigurationPlatforms) = postSolution
		{1F32888B-AFDC-4EC3-A958-C4522E2A71C6}.Debug|Any CPU.ActiveCfg = Debug|Any CPU
		{1F32888B-AFDC-4EC3-A958-C4522E2A71C6}.Debug|Any CPU.Build.0 = Debug|Any CPU
		{1F32888B-AFDC-4EC3-A958-C4522E2A71C6}.Release|Any CPU.ActiveCfg = Release|Any CPU
		{1F32888B-AFDC-4EC3-A958-C4522E2A71C6}.Release|Any CPU.Build.0 = Release|Any CPU
		{7EE960CD-9533-4EC3-9A69-DBDFBF823DA8}.Debug|Any CPU.ActiveCfg = Debug|Any CPU
		{7EE960CD-9533-4EC3-9A69-DBDFBF823DA8}.Debug|Any CPU.Build.0 = Debug|Any CPU
		{7EE960CD-9533-4EC3-9A69-DBDFBF823DA8}.Release|Any CPU.ActiveCfg = Release|Any CPU
		{7EE960CD-9533-4EC3-9A69-DBDFBF823DA8}.Release|Any CPU.Build.0 = Release|Any CPU
		{9443518D-BFBC-45BB-BE87-CEDA6BAFDA51}.Debug|Any CPU.ActiveCfg = Debug|Any CPU
		{9443518D-BFBC-45BB-BE87-CEDA6BAFDA51}.Debug|Any CPU.Build.0 = Debug|Any CPU
		{9443518D-BFBC-45BB-BE87-CEDA6BAFDA51}.Release|Any CPU.ActiveCfg = Release|Any CPU
		{9443518D-BFBC-45BB-BE87-CEDA6BAFDA51}.Release|Any CPU.Build.0 = Release|Any CPU
	EndGlobalSection
	GlobalSection(SolutionProperties) = preSolution
		HideSolutionNode = FALSE
	EndGlobalSection
EndGlobal
